<?xml version="1.0" encoding="UTF-8"?>
<Scheme LastUpgradeVersion="1600" version="1.3">
  <BuildAction parallelizeBuildables="YES" buildImplicitDependencies="YES">
    <BuildActionEntries>
      <BuildActionEntry buildForTesting="YES" buildForRunning="YES" buildForProfiling="YES" buildForArchiving="YES" buildForAnalyzing="YES"><BuildableReference BuildableIdentifier="primary" BlueprintIdentifier="E64C44E110C68927474000A8" BuildableName="Avela.app" BlueprintName="Avela" ReferencedContainer="container:Avela.xcodeproj"/></BuildActionEntry>
    </BuildActionEntries>
  </BuildAction>
  <TestAction buildConfiguration="Debug" selectedDebuggerIdentifier="Xcode.DebuggerFoundation.Debugger.LLDB" selectedLauncherIdentifier="Xcode.IDEFoundation.Launcher.LLDB" shouldUseLaunchSchemeArgsEnv="YES">
    <Testables>
      <TestableReference skipped="NO"><BuildableReference BuildableIdentifier="primary" BlueprintIdentifier="F76B40F72DE3D7FC963A2C44" BuildableName="AvelaTests.xctest" BlueprintName="AvelaTests" ReferencedContainer="container:Avela.xcodeproj"/></TestableReference>
      <TestableReference skipped="NO"><BuildableReference BuildableIdentifier="primary" BlueprintIdentifier="DDBCF808FD02C01BFC645675" BuildableName="AvelaUITests.xctest" BlueprintName="AvelaUITests" ReferencedContainer="container:Avela.xcodeproj"/></TestableReference>
    </Testables>
  </TestAction>
  <LaunchAction buildConfiguration="Debug" selectedDebuggerIdentifier="Xcode.DebuggerFoundation.Debugger.LLDB" selectedLauncherIdentifier="Xcode.IDEFoundation.Launcher.LLDB" launchStyle="0" useCustomWorkingDirectory="NO" ignoresPersistentStateOnLaunch="NO" debugDocumentVersioning="YES" debugServiceExtension="internal" allowLocationSimulation="YES">
    <BuildableProductRunnable runnableDebuggingMode="0"><BuildableReference BuildableIdentifier="primary" BlueprintIdentifier="E64C44E110C68927474000A8" BuildableName="Avela.app" BlueprintName="Avela" ReferencedContainer="container:Avela.xcodeproj"/></BuildableProductRunnable>
  </LaunchAction>
  <ProfileAction buildConfiguration="Release" shouldUseLaunchSchemeArgsEnv="YES" savedToolIdentifier="" useCustomWorkingDirectory="NO" debugDocumentVersioning="YES">
    <BuildableProductRunnable runnableDebuggingMode="0"><BuildableReference BuildableIdentifier="primary" BlueprintIdentifier="E64C44E110C68927474000A8" BuildableName="Avela.app" BlueprintName="Avela" ReferencedContainer="container:Avela.xcodeproj"/></BuildableProductRunnable>
  </ProfileAction>
  <AnalyzeAction buildConfiguration="Debug"/>
  <ArchiveAction buildConfiguration="Release" revealArchiveInOrganizer="YES"/>
</Scheme>
